
Microsoft Visual Studio Solution File, Format Version 12.00
# Visual Studio Version 17
VisualStudioVersion = 17.12.35707.178
MinimumVisualStudioVersion = 10.0.40219.1
Project("{FAE04EC0-301F-11D3-BF4B-00C04F79EFBC}") = "myblog.api", "src\myblog.api\myblog.api.csproj", "{9141445C-E02D-48EE-A10A-A879DDDA0F1A}"
EndProject
Project("{FAE04EC0-301F-11D3-BF4B-00C04F79EFBC}") = "myblog.core", "src\myblog.core\myblog.core.csproj", "{1BA1D47C-C3AD-4398-AFBF-19D642532B56}"
EndProject
Project("{FAE04EC0-301F-11D3-BF4B-00C04F79EFBC}") = "myblog.data", "src\myblog.data\myblog.data.csproj", "{3506596E-21BD-46FB-9C53-E55392A4D5BB}"
EndProject
Global
	GlobalSection(SolutionConfigurationPlatforms) = preSolution
		Debug|Any CPU = Debug|Any CPU
		Release|Any CPU = Release|Any CPU
	EndGlobalSection
	GlobalSection(ProjectConfigurationPlatforms) = postSolution
		{9141445C-E02D-48EE-A10A-A879DDDA0F1A}.Debug|Any CPU.ActiveCfg = Debug|Any CPU
		{9141445C-E02D-48EE-A10A-A879DDDA0F1A}.Debug|Any CPU.Build.0 = Debug|Any CPU
		{9141445C-E02D-48EE-A10A-A879DDDA0F1A}.Release|Any CPU.ActiveCfg = Release|Any CPU
		{9141445C-E02D-48EE-A10A-A879DDDA0F1A}.Release|Any CPU.Build.0 = Release|Any CPU
		{1BA1D47C-C3AD-4398-AFBF-19D642532B56}.Debug|Any CPU.ActiveCfg = Debug|Any CPU
		{1BA1D47C-C3AD-4398-AFBF-19D642532B56}.Debug|Any CPU.Build.0 = Debug|Any CPU
		{1BA1D47C-C3AD-4398-AFBF-19D642532B56}.Release|Any CPU.ActiveCfg = Release|Any CPU
		{1BA1D47C-C3AD-4398-AFBF-19D642532B56}.Release|Any CPU.Build.0 = Release|Any CPU
		{3506596E-21BD-46FB-9C53-E55392A4D5BB}.Debug|Any CPU.ActiveCfg = Debug|Any CPU
		{3506596E-21BD-46FB-9C53-E55392A4D5BB}.Debug|Any CPU.Build.0 = Debug|Any CPU
		{3506596E-21BD-46FB-9C53-E55392A4D5BB}.Release|Any CPU.ActiveCfg = Release|Any CPU
		{3506596E-21BD-46FB-9C53-E55392A4D5BB}.Release|Any CPU.Build.0 = Release|Any CPU
	EndGlobalSection
	GlobalSection(SolutionProperties) = preSolution
		HideSolutionNode = FALSE
	EndGlobalSection
EndGlobal
